
Microsoft Visual Studio Solution File, Format Version 12.00
# Visual Studio Version 16
VisualStudioVersion = 16.0.30413.136
MinimumVisualStudioVersion = 10.0.40219.1
Project("{FAE04EC0-301F-11D3-BF4B-00C04F79EFBC}") = "ArduinoWithCSharp", "ArduinoWithCSharp\ArduinoWithCSharp.csproj", "{F7D12E08-BEA0-48C2-8988-9CA489541027}"
EndProject
Global
	GlobalSection(SolutionConfigurationPlatforms) = preSolution
		Debug|Any CPU = Debug|Any CPU
		Release|Any CPU = Release|Any CPU
	EndGlobalSection
	GlobalSection(ProjectConfigurationPlatforms) = postSolution
		{F7D12E08-BEA0-48C2-8988-9CA489541027}.Debug|Any CPU.ActiveCfg = Debug|Any CPU
		{F7D12E08-BEA0-48C2-8988-9CA489541027}.Debug|Any CPU.Build.0 = Debug|Any CPU
		{F7D12E08-BEA0-48C2-8988-9CA489541027}.Release|Any CPU.ActiveCfg = Release|Any CPU
		{F7D12E08-BEA0-48C2-8988-9CA489541027}.Release|Any CPU.Build.0 = Release|Any CPU
	EndGlobalSection
	GlobalSection(SolutionProperties) = preSolution
		HideSolutionNode = FALSE
	EndGlobalSection
	GlobalSection(ExtensibilityGlobals) = postSolution
		SolutionGuid = {E7689AB4-0275-41E6-8689-E8E5D2234C5F}
	EndGlobalSection
EndGlobal
